
Microsoft Visual Studio Solution File, Format Version 12.00
# Visual Studio 15
VisualStudioVersion = 15.0.28307.572
MinimumVisualStudioVersion = 10.0.40219.1
Project("{FAE04EC0-301F-11D3-BF4B-00C04F79EFBC}") = "PartsTrader.ClientTools", "PartsTrader.ClientTools\PartsTrader.ClientTools.csproj", "{2BC3433A-631C-4280-80E9-959D1F597DCB}"
EndProject
Project("{2150E333-8FDC-42A3-9474-1A3956D46DE8}") = "Solution Items", "Solution Items", "{E15FC180-17EB-4EB3-9B01-4B40F507640C}"
	ProjectSection(SolutionItems) = preProject
		..\Readme.md = ..\Readme.md
	EndProjectSection
EndProject
Project("{FAE04EC0-301F-11D3-BF4B-00C04F79EFBC}") = "PartsTrader.ClientTools.Api", "PartsTrader.ClientTools.Api\PartsTrader.ClientTools.Api.csproj", "{9D8DB418-6BC3-419B-BD4D-36B7179F51D2}"
EndProject
Project("{2150E333-8FDC-42A3-9474-1A3956D46DE8}") = "Tests", "Tests", "{40A26D4A-7330-4744-88A6-04490D095D5A}"
EndProject
Project("{FAE04EC0-301F-11D3-BF4B-00C04F79EFBC}") = "PartsTrader.ClientTools.Api.Tests", "PartsTrader.ClientTools.Api.Tests\PartsTrader.ClientTools.Api.Tests.csproj", "{38B624A5-2B77-4472-87AD-B9EDC3A5CF8C}"
EndProject
Project("{FAE04EC0-301F-11D3-BF4B-00C04F79EFBC}") = "PartsTrader.ClientTools.Tests", "PartsTrader.ClientTools.Tests\PartsTrader.ClientTools.Tests.csproj", "{F096E9D2-03EA-4D45-9C5E-67571D00EDD3}"
EndProject
Global
	GlobalSection(SolutionConfigurationPlatforms) = preSolution
		Debug|Any CPU = Debug|Any CPU
		Release|Any CPU = Release|Any CPU
	EndGlobalSection
	GlobalSection(ProjectConfigurationPlatforms) = postSolution
		{2BC3433A-631C-4280-80E9-959D1F597DCB}.Debug|Any CPU.ActiveCfg = Debug|Any CPU
		{2BC3433A-631C-4280-80E9-959D1F597DCB}.Debug|Any CPU.Build.0 = Debug|Any CPU
		{2BC3433A-631C-4280-80E9-959D1F597DCB}.Release|Any CPU.ActiveCfg = Release|Any CPU
		{2BC3433A-631C-4280-80E9-959D1F597DCB}.Release|Any CPU.Build.0 = Release|Any CPU
		{9D8DB418-6BC3-419B-BD4D-36B7179F51D2}.Debug|Any CPU.ActiveCfg = Debug|Any CPU
		{9D8DB418-6BC3-419B-BD4D-36B7179F51D2}.Debug|Any CPU.Build.0 = Debug|Any CPU
		{9D8DB418-6BC3-419B-BD4D-36B7179F51D2}.Release|Any CPU.ActiveCfg = Release|Any CPU
		{9D8DB418-6BC3-419B-BD4D-36B7179F51D2}.Release|Any CPU.Build.0 = Release|Any CPU
		{38B624A5-2B77-4472-87AD-B9EDC3A5CF8C}.Debug|Any CPU.ActiveCfg = Debug|Any CPU
		{38B624A5-2B77-4472-87AD-B9EDC3A5CF8C}.Debug|Any CPU.Build.0 = Debug|Any CPU
		{38B624A5-2B77-4472-87AD-B9EDC3A5CF8C}.Release|Any CPU.ActiveCfg = Release|Any CPU
		{38B624A5-2B77-4472-87AD-B9EDC3A5CF8C}.Release|Any CPU.Build.0 = Release|Any CPU
		{F096E9D2-03EA-4D45-9C5E-67571D00EDD3}.Debug|Any CPU.ActiveCfg = Debug|Any CPU
		{F096E9D2-03EA-4D45-9C5E-67571D00EDD3}.Debug|Any CPU.Build.0 = Debug|Any CPU
		{F096E9D2-03EA-4D45-9C5E-67571D00EDD3}.Release|Any CPU.ActiveCfg = Release|Any CPU
		{F096E9D2-03EA-4D45-9C5E-67571D00EDD3}.Release|Any CPU.Build.0 = Release|Any CPU
	EndGlobalSection
	GlobalSection(SolutionProperties) = preSolution
		HideSolutionNode = FALSE
	EndGlobalSection
	GlobalSection(NestedProjects) = preSolution
		{38B624A5-2B77-4472-87AD-B9EDC3A5CF8C} = {40A26D4A-7330-4744-88A6-04490D095D5A}
		{F096E9D2-03EA-4D45-9C5E-67571D00EDD3} = {40A26D4A-7330-4744-88A6-04490D095D5A}
	EndGlobalSection
	GlobalSection(ExtensibilityGlobals) = postSolution
		SolutionGuid = {E638669E-7A10-403B-B0AF-75EFE6CE2F88}
	EndGlobalSection
EndGlobal
